
Microsoft Visual Studio Solution File, Format Version 12.00
# Visual Studio 15
VisualStudioVersion = 15.0.27130.2027
MinimumVisualStudioVersion = 10.0.40219.1
Project("{FAE04EC0-301F-11D3-BF4B-00C04F79EFBC}") = "ReportingServices", "ReportingServices\ReportingServices.csproj", "{7E9EABB0-182C-4152-8A89-EBA30DE48EC1}"
EndProject
Project("{FAE04EC0-301F-11D3-BF4B-00C04F79EFBC}") = "ReportingServices.Tests", "ReportingServices.Tests\ReportingServices.Tests.csproj", "{42AA234C-B39F-4CC9-BEA7-4219309ADD73}"
EndProject
Global
	GlobalSection(SolutionConfigurationPlatforms) = preSolution
		Debug|Any CPU = Debug|Any CPU
		Release|Any CPU = Release|Any CPU
	EndGlobalSection
	GlobalSection(ProjectConfigurationPlatforms) = postSolution
		{7E9EABB0-182C-4152-8A89-EBA30DE48EC1}.Debug|Any CPU.ActiveCfg = Debug|Any CPU
		{7E9EABB0-182C-4152-8A89-EBA30DE48EC1}.Debug|Any CPU.Build.0 = Debug|Any CPU
		{7E9EABB0-182C-4152-8A89-EBA30DE48EC1}.Release|Any CPU.ActiveCfg = Release|Any CPU
		{7E9EABB0-182C-4152-8A89-EBA30DE48EC1}.Release|Any CPU.Build.0 = Release|Any CPU
		{42AA234C-B39F-4CC9-BEA7-4219309ADD73}.Debug|Any CPU.ActiveCfg = Debug|Any CPU
		{42AA234C-B39F-4CC9-BEA7-4219309ADD73}.Debug|Any CPU.Build.0 = Debug|Any CPU
		{42AA234C-B39F-4CC9-BEA7-4219309ADD73}.Release|Any CPU.ActiveCfg = Release|Any CPU
		{42AA234C-B39F-4CC9-BEA7-4219309ADD73}.Release|Any CPU.Build.0 = Release|Any CPU
	EndGlobalSection
	GlobalSection(SolutionProperties) = preSolution
		HideSolutionNode = FALSE
	EndGlobalSection
	GlobalSection(ExtensibilityGlobals) = postSolution
		SolutionGuid = {EE3AD1AC-1B4C-4069-AD32-8BB43D8DB241}
	EndGlobalSection
EndGlobal
